
Microsoft Visual Studio Solution File, Format Version 12.00
# Visual Studio 15
VisualStudioVersion = 15.0.28010.2003
MinimumVisualStudioVersion = 10.0.40219.1
Project("{FAE04EC0-301F-11D3-BF4B-00C04F79EFBC}") = "Livraria.Core", "Livraria.Core\Livraria.Core.csproj", "{27EDED33-64AA-4FC9-BDB7-8BAFA772369A}"
EndProject
Project("{FAE04EC0-301F-11D3-BF4B-00C04F79EFBC}") = "Livraria.Dados", "Livraria.Dados\Livraria.Dados.csproj", "{B4BFF270-100B-490C-B695-0C9EBB0A1F1D}"
EndProject
Project("{FAE04EC0-301F-11D3-BF4B-00C04F79EFBC}") = "Livraria.Web", "Livraria.Web\Livraria.Web.csproj", "{FB710F3F-AFE3-4EA9-91C4-CCC88E5AB28C}"
EndProject
Project("{FAE04EC0-301F-11D3-BF4B-00C04F79EFBC}") = "Mvc_Repositorio.Dominio", "Mvc_Repositorio.Dominio\Mvc_Repositorio.Dominio.csproj", "{FF263D12-BA93-4FEA-BC05-5B0BD24B0EFD}"
EndProject
Global
	GlobalSection(SolutionConfigurationPlatforms) = preSolution
		Debug|Any CPU = Debug|Any CPU
		Release|Any CPU = Release|Any CPU
	EndGlobalSection
	GlobalSection(ProjectConfigurationPlatforms) = postSolution
		{27EDED33-64AA-4FC9-BDB7-8BAFA772369A}.Debug|Any CPU.ActiveCfg = Debug|Any CPU
		{27EDED33-64AA-4FC9-BDB7-8BAFA772369A}.Debug|Any CPU.Build.0 = Debug|Any CPU
		{27EDED33-64AA-4FC9-BDB7-8BAFA772369A}.Release|Any CPU.ActiveCfg = Release|Any CPU
		{27EDED33-64AA-4FC9-BDB7-8BAFA772369A}.Release|Any CPU.Build.0 = Release|Any CPU
		{B4BFF270-100B-490C-B695-0C9EBB0A1F1D}.Debug|Any CPU.ActiveCfg = Debug|Any CPU
		{B4BFF270-100B-490C-B695-0C9EBB0A1F1D}.Debug|Any CPU.Build.0 = Debug|Any CPU
		{B4BFF270-100B-490C-B695-0C9EBB0A1F1D}.Release|Any CPU.ActiveCfg = Release|Any CPU
		{B4BFF270-100B-490C-B695-0C9EBB0A1F1D}.Release|Any CPU.Build.0 = Release|Any CPU
		{FB710F3F-AFE3-4EA9-91C4-CCC88E5AB28C}.Debug|Any CPU.ActiveCfg = Debug|Any CPU
		{FB710F3F-AFE3-4EA9-91C4-CCC88E5AB28C}.Debug|Any CPU.Build.0 = Debug|Any CPU
		{FB710F3F-AFE3-4EA9-91C4-CCC88E5AB28C}.Release|Any CPU.ActiveCfg = Release|Any CPU
		{FB710F3F-AFE3-4EA9-91C4-CCC88E5AB28C}.Release|Any CPU.Build.0 = Release|Any CPU
		{FF263D12-BA93-4FEA-BC05-5B0BD24B0EFD}.Debug|Any CPU.ActiveCfg = Debug|Any CPU
		{FF263D12-BA93-4FEA-BC05-5B0BD24B0EFD}.Debug|Any CPU.Build.0 = Debug|Any CPU
		{FF263D12-BA93-4FEA-BC05-5B0BD24B0EFD}.Release|Any CPU.ActiveCfg = Release|Any CPU
		{FF263D12-BA93-4FEA-BC05-5B0BD24B0EFD}.Release|Any CPU.Build.0 = Release|Any CPU
	EndGlobalSection
	GlobalSection(SolutionProperties) = preSolution
		HideSolutionNode = FALSE
	EndGlobalSection
	GlobalSection(ExtensibilityGlobals) = postSolution
		SolutionGuid = {D8BF0627-32F8-495C-9069-826B47F504EB}
	EndGlobalSection
EndGlobal
